dependencies:
- name: redis
  repository: https://charts.bitnami.com/bitnami
  version: 21.2.12
- name: postgresql
  repository: https://charts.bitnami.com/bitnami
  version: 16.7.20
- name: metrics-server
  repository: https://kubernetes-sigs.github.io/metrics-server/
  version: 3.8.4
digest: sha256:187c8c866bec9ee7b8b4721854c2d3347eedb4af790f91439151662340b217c1
generated: "2025-07-21T14:51:50.093064543+02:00"
