dependencies:
- name: redis
  repository: oci://docker.io/cloudpirates
  version: 0.21.3
- name: postgres
  repository: oci://docker.io/cloudpirates
  version: 0.14.6
- name: metrics-server
  repository: https://kubernetes-sigs.github.io/metrics-server/
  version: 3.8.4
digest: sha256:fac3917fada8206cdf7d4ce71451338c4d6414f099276e6499f6df2bd035f091
generated: "2026-01-29T11:09:31.200191+01:00"
